
Microsoft Visual Studio Solution File, Format Version 12.00
# Visual Studio Version 17
VisualStudioVersion = 17.3.32929.385
MinimumVisualStudioVersion = 10.0.40219.1
Project("{FAE04EC0-301F-11D3-BF4B-00C04F79EFBC}") = "FinalProjectECE4180", "FinalProjectECE4180\FinalProjectECE4180.csproj", "{C38EA0F0-07F2-470F-B8BF-2203D08F8087}"
EndProject
Global
	GlobalSection(SolutionConfigurationPlatforms) = preSolution
		Debug|Any CPU = Debug|Any CPU
		Release|Any CPU = Release|Any CPU
	EndGlobalSection
	GlobalSection(ProjectConfigurationPlatforms) = postSolution
		{C38EA0F0-07F2-470F-B8BF-2203D08F8087}.Debug|Any CPU.ActiveCfg = Debug|Any CPU
		{C38EA0F0-07F2-470F-B8BF-2203D08F8087}.Debug|Any CPU.Build.0 = Debug|Any CPU
		{C38EA0F0-07F2-470F-B8BF-2203D08F8087}.Release|Any CPU.ActiveCfg = Release|Any CPU
		{C38EA0F0-07F2-470F-B8BF-2203D08F8087}.Release|Any CPU.Build.0 = Release|Any CPU
	EndGlobalSection
	GlobalSection(SolutionProperties) = preSolution
		HideSolutionNode = FALSE
	EndGlobalSection
	GlobalSection(ExtensibilityGlobals) = postSolution
		SolutionGuid = {446A5DFE-6166-48CA-B3EC-2E5E3EB58347}
	EndGlobalSection
EndGlobal
